
Microsoft Visual Studio Solution File, Format Version 12.00
# Visual Studio Version 17
VisualStudioVersion = 17.2.32519.379
MinimumVisualStudioVersion = 10.0.40219.1
Project("{9A19103F-16F7-4668-BE54-9A1E7A4F7556}") = "HealthPlusSport.Server", "HealthPlusSport\Server\HealthPlusSport.Server.csproj", "{1514D76B-D98D-4099-9FBD-A4879F86A62E}"
EndProject
Project("{9A19103F-16F7-4668-BE54-9A1E7A4F7556}") = "HealthPlusSport.Client", "HealthPlusSport\Client\HealthPlusSport.Client.csproj", "{CF44DED5-09B3-47E7-B829-EC369D4BC648}"
EndProject
Project("{9A19103F-16F7-4668-BE54-9A1E7A4F7556}") = "HealthPlusSport.Shared", "HealthPlusSport\Shared\HealthPlusSport.Shared.csproj", "{F4C1605B-768A-40BA-91B8-978F4E69386E}"
EndProject
Global
	GlobalSection(SolutionConfigurationPlatforms) = preSolution
		Debug|Any CPU = Debug|Any CPU
		Release|Any CPU = Release|Any CPU
	EndGlobalSection
	GlobalSection(ProjectConfigurationPlatforms) = postSolution
		{1514D76B-D98D-4099-9FBD-A4879F86A62E}.Debug|Any CPU.ActiveCfg = Debug|Any CPU
		{1514D76B-D98D-4099-9FBD-A4879F86A62E}.Debug|Any CPU.Build.0 = Debug|Any CPU
		{1514D76B-D98D-4099-9FBD-A4879F86A62E}.Release|Any CPU.ActiveCfg = Release|Any CPU
		{1514D76B-D98D-4099-9FBD-A4879F86A62E}.Release|Any CPU.Build.0 = Release|Any CPU
		{CF44DED5-09B3-47E7-B829-EC369D4BC648}.Debug|Any CPU.ActiveCfg = Debug|Any CPU
		{CF44DED5-09B3-47E7-B829-EC369D4BC648}.Debug|Any CPU.Build.0 = Debug|Any CPU
		{CF44DED5-09B3-47E7-B829-EC369D4BC648}.Release|Any CPU.ActiveCfg = Release|Any CPU
		{CF44DED5-09B3-47E7-B829-EC369D4BC648}.Release|Any CPU.Build.0 = Release|Any CPU
		{F4C1605B-768A-40BA-91B8-978F4E69386E}.Debug|Any CPU.ActiveCfg = Debug|Any CPU
		{F4C1605B-768A-40BA-91B8-978F4E69386E}.Debug|Any CPU.Build.0 = Debug|Any CPU
		{F4C1605B-768A-40BA-91B8-978F4E69386E}.Release|Any CPU.ActiveCfg = Release|Any CPU
		{F4C1605B-768A-40BA-91B8-978F4E69386E}.Release|Any CPU.Build.0 = Release|Any CPU
	EndGlobalSection
	GlobalSection(SolutionProperties) = preSolution
		HideSolutionNode = FALSE
	EndGlobalSection
	GlobalSection(ExtensibilityGlobals) = postSolution
		SolutionGuid = {E25608BA-B255-4C5A-A08F-6322C8F981CD}
	EndGlobalSection
EndGlobal
